
Microsoft Visual Studio Solution File, Format Version 12.00
# Visual Studio Version 17
VisualStudioVersion = 17.10.34928.147
MinimumVisualStudioVersion = 10.0.40219.1
Project("{FAE04EC0-301F-11D3-BF4B-00C04F79EFBC}") = "即译通", "即译通\即译通.csproj", "{27CA97BB-439C-41FA-936A-441EDE2B785C}"
EndProject
Global
	GlobalSection(SolutionConfigurationPlatforms) = preSolution
		Debug|Any CPU = Debug|Any CPU
		Release|Any CPU = Release|Any CPU
	EndGlobalSection
	GlobalSection(ProjectConfigurationPlatforms) = postSolution
		{27CA97BB-439C-41FA-936A-441EDE2B785C}.Debug|Any CPU.ActiveCfg = Debug|Any CPU
		{27CA97BB-439C-41FA-936A-441EDE2B785C}.Debug|Any CPU.Build.0 = Debug|Any CPU
		{27CA97BB-439C-41FA-936A-441EDE2B785C}.Release|Any CPU.ActiveCfg = Release|Any CPU
		{27CA97BB-439C-41FA-936A-441EDE2B785C}.Release|Any CPU.Build.0 = Release|Any CPU
	EndGlobalSection
	GlobalSection(SolutionProperties) = preSolution
		HideSolutionNode = FALSE
	EndGlobalSection
	GlobalSection(ExtensibilityGlobals) = postSolution
		SolutionGuid = {802C3A51-F2E6-480B-A5A5-2C9825A8DD48}
	EndGlobalSection
EndGlobal
